
Microsoft Visual Studio Solution File, Format Version 12.00
# Visual Studio Version 17
VisualStudioVersion = 17.13.35919.96 d17.13
MinimumVisualStudioVersion = 10.0.40219.1
Project("{FAE04EC0-301F-11D3-BF4B-00C04F79EFBC}") = "ORESHNIK", "ORESHNIK.csproj", "{AA4FA9BA-945F-48C3-A1AF-C8C57841F282}"
EndProject
Global
	GlobalSection(SolutionConfigurationPlatforms) = preSolution
		Debug|Any CPU = Debug|Any CPU
		Release|Any CPU = Release|Any CPU
	EndGlobalSection
	GlobalSection(ProjectConfigurationPlatforms) = postSolution
		{AA4FA9BA-945F-48C3-A1AF-C8C57841F282}.Debug|Any CPU.ActiveCfg = Debug|Any CPU
		{AA4FA9BA-945F-48C3-A1AF-C8C57841F282}.Debug|Any CPU.Build.0 = Debug|Any CPU
		{AA4FA9BA-945F-48C3-A1AF-C8C57841F282}.Release|Any CPU.ActiveCfg = Release|Any CPU
		{AA4FA9BA-945F-48C3-A1AF-C8C57841F282}.Release|Any CPU.Build.0 = Release|Any CPU
	EndGlobalSection
	GlobalSection(SolutionProperties) = preSolution
		HideSolutionNode = FALSE
	EndGlobalSection
	GlobalSection(ExtensibilityGlobals) = postSolution
		SolutionGuid = {731381D8-D7FA-411D-914B-0392A1EEEB4E}
	EndGlobalSection
EndGlobal
